
Microsoft Visual Studio Solution File, Format Version 12.00
# Visual Studio Version 16
VisualStudioVersion = 16.0.29025.244
MinimumVisualStudioVersion = 10.0.40219.1
Project("{FAE04EC0-301F-11D3-BF4B-00C04F79EFBC}") = "EX03", "EX03\EX03.csproj", "{A09621C3-19EA-4B22-994B-558116318412}"
EndProject
Global
	GlobalSection(SolutionConfigurationPlatforms) = preSolution
		Debug|Any CPU = Debug|Any CPU
		Release|Any CPU = Release|Any CPU
	EndGlobalSection
	GlobalSection(ProjectConfigurationPlatforms) = postSolution
		{A09621C3-19EA-4B22-994B-558116318412}.Debug|Any CPU.ActiveCfg = Debug|Any CPU
		{A09621C3-19EA-4B22-994B-558116318412}.Debug|Any CPU.Build.0 = Debug|Any CPU
		{A09621C3-19EA-4B22-994B-558116318412}.Release|Any CPU.ActiveCfg = Release|Any CPU
		{A09621C3-19EA-4B22-994B-558116318412}.Release|Any CPU.Build.0 = Release|Any CPU
	EndGlobalSection
	GlobalSection(SolutionProperties) = preSolution
		HideSolutionNode = FALSE
	EndGlobalSection
	GlobalSection(ExtensibilityGlobals) = postSolution
		SolutionGuid = {2D77C9CC-13CE-4EE1-82B1-6B00AED7AA05}
	EndGlobalSection
EndGlobal
