
Microsoft Visual Studio Solution File, Format Version 12.00
# Visual Studio Version 16
VisualStudioVersion = 16.0.29025.244
MinimumVisualStudioVersion = 10.0.40219.1
Project("{FAE04EC0-301F-11D3-BF4B-00C04F79EFBC}") = "EX09", "EX09\EX09.csproj", "{0736964D-99FB-4592-978F-6B76067A5832}"
EndProject
Global
	GlobalSection(SolutionConfigurationPlatforms) = preSolution
		Debug|Any CPU = Debug|Any CPU
		Release|Any CPU = Release|Any CPU
	EndGlobalSection
	GlobalSection(ProjectConfigurationPlatforms) = postSolution
		{0736964D-99FB-4592-978F-6B76067A5832}.Debug|Any CPU.ActiveCfg = Debug|Any CPU
		{0736964D-99FB-4592-978F-6B76067A5832}.Debug|Any CPU.Build.0 = Debug|Any CPU
		{0736964D-99FB-4592-978F-6B76067A5832}.Release|Any CPU.ActiveCfg = Release|Any CPU
		{0736964D-99FB-4592-978F-6B76067A5832}.Release|Any CPU.Build.0 = Release|Any CPU
	EndGlobalSection
	GlobalSection(SolutionProperties) = preSolution
		HideSolutionNode = FALSE
	EndGlobalSection
	GlobalSection(ExtensibilityGlobals) = postSolution
		SolutionGuid = {12DB70F7-0325-4215-84F1-59BED6D3F200}
	EndGlobalSection
EndGlobal
