
Microsoft Visual Studio Solution File, Format Version 12.00
# Visual Studio Version 16
VisualStudioVersion = 16.0.29025.244
MinimumVisualStudioVersion = 10.0.40219.1
Project("{FAE04EC0-301F-11D3-BF4B-00C04F79EFBC}") = "EX07", "EX07\EX07.csproj", "{AE2E62C8-D1E8-4F27-9837-693D230A54B4}"
EndProject
Global
	GlobalSection(SolutionConfigurationPlatforms) = preSolution
		Debug|Any CPU = Debug|Any CPU
		Release|Any CPU = Release|Any CPU
	EndGlobalSection
	GlobalSection(ProjectConfigurationPlatforms) = postSolution
		{AE2E62C8-D1E8-4F27-9837-693D230A54B4}.Debug|Any CPU.ActiveCfg = Debug|Any CPU
		{AE2E62C8-D1E8-4F27-9837-693D230A54B4}.Debug|Any CPU.Build.0 = Debug|Any CPU
		{AE2E62C8-D1E8-4F27-9837-693D230A54B4}.Release|Any CPU.ActiveCfg = Release|Any CPU
		{AE2E62C8-D1E8-4F27-9837-693D230A54B4}.Release|Any CPU.Build.0 = Release|Any CPU
	EndGlobalSection
	GlobalSection(SolutionProperties) = preSolution
		HideSolutionNode = FALSE
	EndGlobalSection
	GlobalSection(ExtensibilityGlobals) = postSolution
		SolutionGuid = {7D15391E-C7B0-451E-98C8-757ECC8AD0F7}
	EndGlobalSection
EndGlobal
