
Microsoft Visual Studio Solution File, Format Version 12.00
# Visual Studio Version 16
VisualStudioVersion = 16.0.29025.244
MinimumVisualStudioVersion = 10.0.40219.1
Project("{FAE04EC0-301F-11D3-BF4B-00C04F79EFBC}") = "EX13", "EX13\EX13.csproj", "{DDCB04B8-79A9-4D32-9AC0-F4395ECB8232}"
EndProject
Global
	GlobalSection(SolutionConfigurationPlatforms) = preSolution
		Debug|Any CPU = Debug|Any CPU
		Release|Any CPU = Release|Any CPU
	EndGlobalSection
	GlobalSection(ProjectConfigurationPlatforms) = postSolution
		{DDCB04B8-79A9-4D32-9AC0-F4395ECB8232}.Debug|Any CPU.ActiveCfg = Debug|Any CPU
		{DDCB04B8-79A9-4D32-9AC0-F4395ECB8232}.Debug|Any CPU.Build.0 = Debug|Any CPU
		{DDCB04B8-79A9-4D32-9AC0-F4395ECB8232}.Release|Any CPU.ActiveCfg = Release|Any CPU
		{DDCB04B8-79A9-4D32-9AC0-F4395ECB8232}.Release|Any CPU.Build.0 = Release|Any CPU
	EndGlobalSection
	GlobalSection(SolutionProperties) = preSolution
		HideSolutionNode = FALSE
	EndGlobalSection
	GlobalSection(ExtensibilityGlobals) = postSolution
		SolutionGuid = {EDDB9312-4894-4F15-B342-86BC45216702}
	EndGlobalSection
EndGlobal
