
Microsoft Visual Studio Solution File, Format Version 12.00
# Visual Studio Express 15 for Windows Desktop
VisualStudioVersion = 15.0.28307.757
MinimumVisualStudioVersion = 10.0.40219.1
Project("{FAE04EC0-301F-11D3-BF4B-00C04F79EFBC}") = "EX19", "EX19\EX19.csproj", "{2406621E-BFBD-4060-8211-B160157FAD94}"
EndProject
Global
	GlobalSection(SolutionConfigurationPlatforms) = preSolution
		Debug|Any CPU = Debug|Any CPU
		Release|Any CPU = Release|Any CPU
	EndGlobalSection
	GlobalSection(ProjectConfigurationPlatforms) = postSolution
		{2406621E-BFBD-4060-8211-B160157FAD94}.Debug|Any CPU.ActiveCfg = Debug|Any CPU
		{2406621E-BFBD-4060-8211-B160157FAD94}.Debug|Any CPU.Build.0 = Debug|Any CPU
		{2406621E-BFBD-4060-8211-B160157FAD94}.Release|Any CPU.ActiveCfg = Release|Any CPU
		{2406621E-BFBD-4060-8211-B160157FAD94}.Release|Any CPU.Build.0 = Release|Any CPU
	EndGlobalSection
	GlobalSection(SolutionProperties) = preSolution
		HideSolutionNode = FALSE
	EndGlobalSection
	GlobalSection(ExtensibilityGlobals) = postSolution
		SolutionGuid = {1D55669F-86A2-462C-84E9-A55789775DBD}
	EndGlobalSection
EndGlobal
