
Microsoft Visual Studio Solution File, Format Version 12.00
# Visual Studio Express 15 for Windows Desktop
VisualStudioVersion = 15.0.28307.757
MinimumVisualStudioVersion = 10.0.40219.1
Project("{FAE04EC0-301F-11D3-BF4B-00C04F79EFBC}") = "EX18", "EX18\EX18.csproj", "{FCCC8156-F13E-4892-A5AC-EDF1C42A0C64}"
EndProject
Global
	GlobalSection(SolutionConfigurationPlatforms) = preSolution
		Debug|Any CPU = Debug|Any CPU
		Release|Any CPU = Release|Any CPU
	EndGlobalSection
	GlobalSection(ProjectConfigurationPlatforms) = postSolution
		{FCCC8156-F13E-4892-A5AC-EDF1C42A0C64}.Debug|Any CPU.ActiveCfg = Debug|Any CPU
		{FCCC8156-F13E-4892-A5AC-EDF1C42A0C64}.Debug|Any CPU.Build.0 = Debug|Any CPU
		{FCCC8156-F13E-4892-A5AC-EDF1C42A0C64}.Release|Any CPU.ActiveCfg = Release|Any CPU
		{FCCC8156-F13E-4892-A5AC-EDF1C42A0C64}.Release|Any CPU.Build.0 = Release|Any CPU
	EndGlobalSection
	GlobalSection(SolutionProperties) = preSolution
		HideSolutionNode = FALSE
	EndGlobalSection
	GlobalSection(ExtensibilityGlobals) = postSolution
		SolutionGuid = {A33A8506-E0EB-4247-8C05-638DBFDA0D0A}
	EndGlobalSection
EndGlobal
