
Microsoft Visual Studio Solution File, Format Version 12.00
# Visual Studio Version 16
VisualStudioVersion = 16.0.29025.244
MinimumVisualStudioVersion = 10.0.40219.1
Project("{FAE04EC0-301F-11D3-BF4B-00C04F79EFBC}") = "EX15", "EX15\EX15.csproj", "{9E47419B-D602-49DE-8277-01CB47EFE2DB}"
EndProject
Global
	GlobalSection(SolutionConfigurationPlatforms) = preSolution
		Debug|Any CPU = Debug|Any CPU
		Release|Any CPU = Release|Any CPU
	EndGlobalSection
	GlobalSection(ProjectConfigurationPlatforms) = postSolution
		{9E47419B-D602-49DE-8277-01CB47EFE2DB}.Debug|Any CPU.ActiveCfg = Debug|Any CPU
		{9E47419B-D602-49DE-8277-01CB47EFE2DB}.Debug|Any CPU.Build.0 = Debug|Any CPU
		{9E47419B-D602-49DE-8277-01CB47EFE2DB}.Release|Any CPU.ActiveCfg = Release|Any CPU
		{9E47419B-D602-49DE-8277-01CB47EFE2DB}.Release|Any CPU.Build.0 = Release|Any CPU
	EndGlobalSection
	GlobalSection(SolutionProperties) = preSolution
		HideSolutionNode = FALSE
	EndGlobalSection
	GlobalSection(ExtensibilityGlobals) = postSolution
		SolutionGuid = {F9012EFC-B9BF-4F7B-BAA9-54E5D21895B1}
	EndGlobalSection
EndGlobal
